
Microsoft Visual Studio Solution File, Format Version 10.00
# Visual Studio 2008
Project("{8BC9CEB8-8B4A-11D0-8D11-00A0C91BC942}") = "Exp5", "Exp5\Exp5.vcproj", "{4DABFBF9-BCEB-4CC5-8EDC-6725009F484D}"
EndProject
Global
	GlobalSection(SolutionConfigurationPlatforms) = preSolution
		Debug|Win32 = Debug|Win32
		Release|Win32 = Release|Win32
	EndGlobalSection
	GlobalSection(ProjectConfigurationPlatforms) = postSolution
		{4DABFBF9-BCEB-4CC5-8EDC-6725009F484D}.Debug|Win32.ActiveCfg = Debug|Win32
		{4DABFBF9-BCEB-4CC5-8EDC-6725009F484D}.Debug|Win32.Build.0 = Debug|Win32
		{4DABFBF9-BCEB-4CC5-8EDC-6725009F484D}.Release|Win32.ActiveCfg = Release|Win32
		{4DABFBF9-BCEB-4CC5-8EDC-6725009F484D}.Release|Win32.Build.0 = Release|Win32
	EndGlobalSection
	GlobalSection(SolutionProperties) = preSolution
		HideSolutionNode = FALSE
	EndGlobalSection
EndGlobal
