
Microsoft Visual Studio Solution File, Format Version 10.00
# Visual Studio 2008
Project("{8BC9CEB8-8B4A-11D0-8D11-00A0C91BC942}") = "Exp2", "Exp2\Exp2.vcproj", "{05907E7E-02E8-4C62-B809-F362A55153ED}"
EndProject
Global
	GlobalSection(SolutionConfigurationPlatforms) = preSolution
		Debug|Win32 = Debug|Win32
		Release|Win32 = Release|Win32
	EndGlobalSection
	GlobalSection(ProjectConfigurationPlatforms) = postSolution
		{05907E7E-02E8-4C62-B809-F362A55153ED}.Debug|Win32.ActiveCfg = Debug|Win32
		{05907E7E-02E8-4C62-B809-F362A55153ED}.Debug|Win32.Build.0 = Debug|Win32
		{05907E7E-02E8-4C62-B809-F362A55153ED}.Release|Win32.ActiveCfg = Release|Win32
		{05907E7E-02E8-4C62-B809-F362A55153ED}.Release|Win32.Build.0 = Release|Win32
	EndGlobalSection
	GlobalSection(SolutionProperties) = preSolution
		HideSolutionNode = FALSE
	EndGlobalSection
EndGlobal
